
Microsoft Visual Studio Solution File, Format Version 12.00
# Visual Studio Version 17
VisualStudioVersion = 17.2.32602.215
MinimumVisualStudioVersion = 10.0.40219.1
Project("{2150E333-8FDC-42A3-9474-1A3956D46DE8}") = "CreationPatterns", "CreationPatterns", "{F7EEC09A-301B-4969-A98C-30D66B89005A}"
EndProject
Project("{2150E333-8FDC-42A3-9474-1A3956D46DE8}") = "singltoon", "singltoon", "{19AA0CF8-1811-4288-BE01-349546946E24}"
EndProject
Project("{9A19103F-16F7-4668-BE54-9A1E7A4F7556}") = "singeleton", "singeleton\singeleton.csproj", "{422082BD-DCDF-4B26-AB29-8BC16A7D457F}"
EndProject
Project("{2150E333-8FDC-42A3-9474-1A3956D46DE8}") = "protoType", "protoType", "{70E8637A-4220-477D-A440-94506984920B}"
EndProject
Project("{9A19103F-16F7-4668-BE54-9A1E7A4F7556}") = "ProtoType", "ProtoType\ProtoType.csproj", "{ECCF9A1A-CF48-4677-BF9E-B4C53699C3AF}"
EndProject
Project("{9A19103F-16F7-4668-BE54-9A1E7A4F7556}") = "Builder", "Builder\Builder.csproj", "{DE8FC253-9A28-42DE-B710-AF9F1154E39F}"
EndProject
Project("{2150E333-8FDC-42A3-9474-1A3956D46DE8}") = "Bulder", "Bulder", "{840A714F-EA5B-4B3F-A74E-BF5188038586}"
EndProject
Project("{2150E333-8FDC-42A3-9474-1A3956D46DE8}") = "Factory", "Factory", "{F44C5D95-C6F6-459D-83B7-64D42E3AFD49}"
EndProject
Project("{9A19103F-16F7-4668-BE54-9A1E7A4F7556}") = "FactoryPatern", "FactoryPatern\FactoryPatern.csproj", "{AC5D3710-B77B-4AE6-8A7C-FD2BC9A4D7A5}"
EndProject
Project("{2150E333-8FDC-42A3-9474-1A3956D46DE8}") = "StructurePattern", "StructurePattern", "{95C85763-AA2D-4530-BBB8-032AD5811FE0}"
EndProject
Project("{2150E333-8FDC-42A3-9474-1A3956D46DE8}") = "ProxyPattern", "ProxyPattern", "{BFAF7238-5432-448B-A00D-F3AF2B5A9BC2}"
EndProject
Project("{9A19103F-16F7-4668-BE54-9A1E7A4F7556}") = "Proxy", "Proxy\Proxy.csproj", "{7B1BAABF-0E07-4E51-8FC9-01F03374A143}"
EndProject
Project("{2150E333-8FDC-42A3-9474-1A3956D46DE8}") = "BehaviourPatterns", "BehaviourPatterns", "{7A90EE89-D586-4B11-8AEA-8F8DCBC40A9A}"
EndProject
Project("{FAE04EC0-301F-11D3-BF4B-00C04F79EFBC}") = "BehaviourPatterns", "BehaviourPatterns\BehaviourPatterns.csproj", "{CA60F671-1678-4B89-B9B4-922954C385DC}"
EndProject
Global
	GlobalSection(SolutionConfigurationPlatforms) = preSolution
		Debug|Any CPU = Debug|Any CPU
		Release|Any CPU = Release|Any CPU
	EndGlobalSection
	GlobalSection(ProjectConfigurationPlatforms) = postSolution
		{422082BD-DCDF-4B26-AB29-8BC16A7D457F}.Debug|Any CPU.ActiveCfg = Debug|Any CPU
		{422082BD-DCDF-4B26-AB29-8BC16A7D457F}.Debug|Any CPU.Build.0 = Debug|Any CPU
		{422082BD-DCDF-4B26-AB29-8BC16A7D457F}.Release|Any CPU.ActiveCfg = Release|Any CPU
		{422082BD-DCDF-4B26-AB29-8BC16A7D457F}.Release|Any CPU.Build.0 = Release|Any CPU
		{ECCF9A1A-CF48-4677-BF9E-B4C53699C3AF}.Debug|Any CPU.ActiveCfg = Debug|Any CPU
		{ECCF9A1A-CF48-4677-BF9E-B4C53699C3AF}.Debug|Any CPU.Build.0 = Debug|Any CPU
		{ECCF9A1A-CF48-4677-BF9E-B4C53699C3AF}.Release|Any CPU.ActiveCfg = Release|Any CPU
		{ECCF9A1A-CF48-4677-BF9E-B4C53699C3AF}.Release|Any CPU.Build.0 = Release|Any CPU
		{DE8FC253-9A28-42DE-B710-AF9F1154E39F}.Debug|Any CPU.ActiveCfg = Debug|Any CPU
		{DE8FC253-9A28-42DE-B710-AF9F1154E39F}.Debug|Any CPU.Build.0 = Debug|Any CPU
		{DE8FC253-9A28-42DE-B710-AF9F1154E39F}.Release|Any CPU.ActiveCfg = Release|Any CPU
		{DE8FC253-9A28-42DE-B710-AF9F1154E39F}.Release|Any CPU.Build.0 = Release|Any CPU
		{AC5D3710-B77B-4AE6-8A7C-FD2BC9A4D7A5}.Debug|Any CPU.ActiveCfg = Debug|Any CPU
		{AC5D3710-B77B-4AE6-8A7C-FD2BC9A4D7A5}.Debug|Any CPU.Build.0 = Debug|Any CPU
		{AC5D3710-B77B-4AE6-8A7C-FD2BC9A4D7A5}.Release|Any CPU.ActiveCfg = Release|Any CPU
		{AC5D3710-B77B-4AE6-8A7C-FD2BC9A4D7A5}.Release|Any CPU.Build.0 = Release|Any CPU
		{7B1BAABF-0E07-4E51-8FC9-01F03374A143}.Debug|Any CPU.ActiveCfg = Debug|Any CPU
		{7B1BAABF-0E07-4E51-8FC9-01F03374A143}.Debug|Any CPU.Build.0 = Debug|Any CPU
		{7B1BAABF-0E07-4E51-8FC9-01F03374A143}.Release|Any CPU.ActiveCfg = Release|Any CPU
		{7B1BAABF-0E07-4E51-8FC9-01F03374A143}.Release|Any CPU.Build.0 = Release|Any CPU
		{CA60F671-1678-4B89-B9B4-922954C385DC}.Debug|Any CPU.ActiveCfg = Debug|Any CPU
		{CA60F671-1678-4B89-B9B4-922954C385DC}.Debug|Any CPU.Build.0 = Debug|Any CPU
		{CA60F671-1678-4B89-B9B4-922954C385DC}.Release|Any CPU.ActiveCfg = Release|Any CPU
		{CA60F671-1678-4B89-B9B4-922954C385DC}.Release|Any CPU.Build.0 = Release|Any CPU
	EndGlobalSection
	GlobalSection(SolutionProperties) = preSolution
		HideSolutionNode = FALSE
	EndGlobalSection
	GlobalSection(NestedProjects) = preSolution
		{19AA0CF8-1811-4288-BE01-349546946E24} = {F7EEC09A-301B-4969-A98C-30D66B89005A}
		{422082BD-DCDF-4B26-AB29-8BC16A7D457F} = {19AA0CF8-1811-4288-BE01-349546946E24}
		{70E8637A-4220-477D-A440-94506984920B} = {F7EEC09A-301B-4969-A98C-30D66B89005A}
		{ECCF9A1A-CF48-4677-BF9E-B4C53699C3AF} = {70E8637A-4220-477D-A440-94506984920B}
		{DE8FC253-9A28-42DE-B710-AF9F1154E39F} = {840A714F-EA5B-4B3F-A74E-BF5188038586}
		{840A714F-EA5B-4B3F-A74E-BF5188038586} = {F7EEC09A-301B-4969-A98C-30D66B89005A}
		{F44C5D95-C6F6-459D-83B7-64D42E3AFD49} = {F7EEC09A-301B-4969-A98C-30D66B89005A}
		{AC5D3710-B77B-4AE6-8A7C-FD2BC9A4D7A5} = {F44C5D95-C6F6-459D-83B7-64D42E3AFD49}
		{BFAF7238-5432-448B-A00D-F3AF2B5A9BC2} = {95C85763-AA2D-4530-BBB8-032AD5811FE0}
		{7B1BAABF-0E07-4E51-8FC9-01F03374A143} = {BFAF7238-5432-448B-A00D-F3AF2B5A9BC2}
		{CA60F671-1678-4B89-B9B4-922954C385DC} = {7A90EE89-D586-4B11-8AEA-8F8DCBC40A9A}
	EndGlobalSection
	GlobalSection(ExtensibilityGlobals) = postSolution
		SolutionGuid = {E2097C52-39BB-4C39-9108-9CF07F964AC8}
	EndGlobalSection
EndGlobal
