
Microsoft Visual Studio Solution File, Format Version 12.00
# Visual Studio Version 16
VisualStudioVersion = 16.0.31702.278
MinimumVisualStudioVersion = 10.0.40219.1
Project("{2150E333-8FDC-42A3-9474-1A3956D46DE8}") = "CreationPatterns", "CreationPatterns", "{F7EEC09A-301B-4969-A98C-30D66B89005A}"
EndProject
Project("{2150E333-8FDC-42A3-9474-1A3956D46DE8}") = "singltoon", "singltoon", "{19AA0CF8-1811-4288-BE01-349546946E24}"
EndProject
Project("{FAE04EC0-301F-11D3-BF4B-00C04F79EFBC}") = "singeleton", "singeleton\singeleton.csproj", "{422082BD-DCDF-4B26-AB29-8BC16A7D457F}"
EndProject
Global
	GlobalSection(SolutionConfigurationPlatforms) = preSolution
		Debug|Any CPU = Debug|Any CPU
		Release|Any CPU = Release|Any CPU
	EndGlobalSection
	GlobalSection(ProjectConfigurationPlatforms) = postSolution
		{422082BD-DCDF-4B26-AB29-8BC16A7D457F}.Debug|Any CPU.ActiveCfg = Debug|Any CPU
		{422082BD-DCDF-4B26-AB29-8BC16A7D457F}.Debug|Any CPU.Build.0 = Debug|Any CPU
		{422082BD-DCDF-4B26-AB29-8BC16A7D457F}.Release|Any CPU.ActiveCfg = Release|Any CPU
		{422082BD-DCDF-4B26-AB29-8BC16A7D457F}.Release|Any CPU.Build.0 = Release|Any CPU
	EndGlobalSection
	GlobalSection(SolutionProperties) = preSolution
		HideSolutionNode = FALSE
	EndGlobalSection
	GlobalSection(NestedProjects) = preSolution
		{19AA0CF8-1811-4288-BE01-349546946E24} = {F7EEC09A-301B-4969-A98C-30D66B89005A}
		{422082BD-DCDF-4B26-AB29-8BC16A7D457F} = {19AA0CF8-1811-4288-BE01-349546946E24}
	EndGlobalSection
	GlobalSection(ExtensibilityGlobals) = postSolution
		SolutionGuid = {E2097C52-39BB-4C39-9108-9CF07F964AC8}
	EndGlobalSection
EndGlobal
